{
  "name": "paradise",
  "version": "0.0.0",
  "lockfileVersion": 1,
  "dependencies": {
    "@types/email-validator": {
      "version": "1.0.30",
      "resolved": "https://registry.npmjs.org/@types/email-validator/-/email-validator-1.0.30.tgz",
      "integrity": "sha1-gsKSKFnAUl6Do9wbVVtp6oRtHmk="
    },
    "@types/es6-promise": {
      "version": "0.0.32",
      "resolved": "https://registry.npmjs.org/@types/es6-promise/-/es6-promise-0.0.32.tgz",
      "integrity": "sha1-O89E+x5Cnz33YYjIxth0Rjujcf0="
    },
    "email-validator": {
      "version": "1.0.7",
      "resolved": "https://registry.npmjs.org/email-validator/-/email-validator-1.0.7.tgz",
      "integrity": "sha1-RiHKMvx0HrgzrJjV+1VnC34FbJU="
    }
  }
}
